
Microsoft Visual Studio Solution File, Format Version 12.00
# Visual Studio Version 16
VisualStudioVersion = 16.0.31229.75
MinimumVisualStudioVersion = 10.0.40219.1
Project("{FAE04EC0-301F-11D3-BF4B-00C04F79EFBC}") = "Presentation", "Presentation\Presentation.csproj", "{A3FE09B2-E372-4595-B74E-3C421BD05042}"
EndProject
Project("{FAE04EC0-301F-11D3-BF4B-00C04F79EFBC}") = "DTO", "DTO\DTO.csproj", "{388EEDB7-E7B6-4C5E-AD56-964D63B48CB5}"
EndProject
Project("{FAE04EC0-301F-11D3-BF4B-00C04F79EFBC}") = "DAO", "DAO\DAO.csproj", "{6550436D-7A76-49A7-8DA6-D12165FFC733}"
EndProject
Project("{FAE04EC0-301F-11D3-BF4B-00C04F79EFBC}") = "BUS", "BUS\BUS.csproj", "{38BF1B0C-C7B3-4A66-968D-C47630F5E0B0}"
EndProject
Global
	GlobalSection(SolutionConfigurationPlatforms) = preSolution
		Debug|Any CPU = Debug|Any CPU
		Release|Any CPU = Release|Any CPU
	EndGlobalSection
	GlobalSection(ProjectConfigurationPlatforms) = postSolution
		{A3FE09B2-E372-4595-B74E-3C421BD05042}.Debug|Any CPU.ActiveCfg = Debug|Any CPU
		{A3FE09B2-E372-4595-B74E-3C421BD05042}.Debug|Any CPU.Build.0 = Debug|Any CPU
		{A3FE09B2-E372-4595-B74E-3C421BD05042}.Release|Any CPU.ActiveCfg = Release|Any CPU
		{A3FE09B2-E372-4595-B74E-3C421BD05042}.Release|Any CPU.Build.0 = Release|Any CPU
		{388EEDB7-E7B6-4C5E-AD56-964D63B48CB5}.Debug|Any CPU.ActiveCfg = Debug|Any CPU
		{388EEDB7-E7B6-4C5E-AD56-964D63B48CB5}.Debug|Any CPU.Build.0 = Debug|Any CPU
		{388EEDB7-E7B6-4C5E-AD56-964D63B48CB5}.Release|Any CPU.ActiveCfg = Release|Any CPU
		{388EEDB7-E7B6-4C5E-AD56-964D63B48CB5}.Release|Any CPU.Build.0 = Release|Any CPU
		{6550436D-7A76-49A7-8DA6-D12165FFC733}.Debug|Any CPU.ActiveCfg = Debug|Any CPU
		{6550436D-7A76-49A7-8DA6-D12165FFC733}.Debug|Any CPU.Build.0 = Debug|Any CPU
		{6550436D-7A76-49A7-8DA6-D12165FFC733}.Release|Any CPU.ActiveCfg = Release|Any CPU
		{6550436D-7A76-49A7-8DA6-D12165FFC733}.Release|Any CPU.Build.0 = Release|Any CPU
		{38BF1B0C-C7B3-4A66-968D-C47630F5E0B0}.Debug|Any CPU.ActiveCfg = Debug|Any CPU
		{38BF1B0C-C7B3-4A66-968D-C47630F5E0B0}.Debug|Any CPU.Build.0 = Debug|Any CPU
		{38BF1B0C-C7B3-4A66-968D-C47630F5E0B0}.Release|Any CPU.ActiveCfg = Release|Any CPU
		{38BF1B0C-C7B3-4A66-968D-C47630F5E0B0}.Release|Any CPU.Build.0 = Release|Any CPU
	EndGlobalSection
	GlobalSection(SolutionProperties) = preSolution
		HideSolutionNode = FALSE
	EndGlobalSection
	GlobalSection(ExtensibilityGlobals) = postSolution
		SolutionGuid = {C8ECFE12-3502-4404-AEDB-86CE4B6AD59A}
	EndGlobalSection
EndGlobal
